
Microsoft Visual Studio Solution File, Format Version 12.00
# Visual Studio Version 17
VisualStudioVersion = 17.12.35707.178 d17.12
MinimumVisualStudioVersion = 10.0.40219.1
Project("{FAE04EC0-301F-11D3-BF4B-00C04F79EFBC}") = "AbstractClassExercise_WPF", "AbstractClassExercise_WPF\AbstractClassExercise_WPF.csproj", "{77E31203-18FB-4028-B613-4B4884C37245}"
EndProject
Project("{FAE04EC0-301F-11D3-BF4B-00C04F79EFBC}") = "AbstractClassExercise_Models", "AbstractClassExercise_Models\AbstractClassExercise_Models.csproj", "{F9308190-04E4-4B92-86B8-6A9325EF0107}"
EndProject
Global
	GlobalSection(SolutionConfigurationPlatforms) = preSolution
		Debug|Any CPU = Debug|Any CPU
		Release|Any CPU = Release|Any CPU
	EndGlobalSection
	GlobalSection(ProjectConfigurationPlatforms) = postSolution
		{77E31203-18FB-4028-B613-4B4884C37245}.Debug|Any CPU.ActiveCfg = Debug|Any CPU
		{77E31203-18FB-4028-B613-4B4884C37245}.Debug|Any CPU.Build.0 = Debug|Any CPU
		{77E31203-18FB-4028-B613-4B4884C37245}.Release|Any CPU.ActiveCfg = Release|Any CPU
		{77E31203-18FB-4028-B613-4B4884C37245}.Release|Any CPU.Build.0 = Release|Any CPU
		{F9308190-04E4-4B92-86B8-6A9325EF0107}.Debug|Any CPU.ActiveCfg = Debug|Any CPU
		{F9308190-04E4-4B92-86B8-6A9325EF0107}.Debug|Any CPU.Build.0 = Debug|Any CPU
		{F9308190-04E4-4B92-86B8-6A9325EF0107}.Release|Any CPU.ActiveCfg = Release|Any CPU
		{F9308190-04E4-4B92-86B8-6A9325EF0107}.Release|Any CPU.Build.0 = Release|Any CPU
	EndGlobalSection
	GlobalSection(SolutionProperties) = preSolution
		HideSolutionNode = FALSE
	EndGlobalSection
EndGlobal
