
Microsoft Visual Studio Solution File, Format Version 12.00
# Visual Studio Version 17
VisualStudioVersion = 17.12.35707.178 d17.12
MinimumVisualStudioVersion = 10.0.40219.1
Project("{FAE04EC0-301F-11D3-BF4B-00C04F79EFBC}") = "NETInterfacesExample_WPF", "NETInterfacesExample_WPF\NETInterfacesExample_WPF.csproj", "{718836D1-5C66-4215-AA90-FF8430507F11}"
EndProject
Project("{FAE04EC0-301F-11D3-BF4B-00C04F79EFBC}") = "NETInterfacesExample_DAL", "NETInterfacesExample_DAL\NETInterfacesExample_DAL.csproj", "{C7263C8E-98C7-450F-814A-CDAE14ACE9A6}"
EndProject
Project("{FAE04EC0-301F-11D3-BF4B-00C04F79EFBC}") = "NETInterfacesExample_Models", "NETInterfacesExample_Models\NETInterfacesExample_Models.csproj", "{046B5299-9485-41B9-B7E8-9B8C40B1F8BC}"
EndProject
Global
	GlobalSection(SolutionConfigurationPlatforms) = preSolution
		Debug|Any CPU = Debug|Any CPU
		Release|Any CPU = Release|Any CPU
	EndGlobalSection
	GlobalSection(ProjectConfigurationPlatforms) = postSolution
		{718836D1-5C66-4215-AA90-FF8430507F11}.Debug|Any CPU.ActiveCfg = Debug|Any CPU
		{718836D1-5C66-4215-AA90-FF8430507F11}.Debug|Any CPU.Build.0 = Debug|Any CPU
		{718836D1-5C66-4215-AA90-FF8430507F11}.Release|Any CPU.ActiveCfg = Release|Any CPU
		{718836D1-5C66-4215-AA90-FF8430507F11}.Release|Any CPU.Build.0 = Release|Any CPU
		{C7263C8E-98C7-450F-814A-CDAE14ACE9A6}.Debug|Any CPU.ActiveCfg = Debug|Any CPU
		{C7263C8E-98C7-450F-814A-CDAE14ACE9A6}.Debug|Any CPU.Build.0 = Debug|Any CPU
		{C7263C8E-98C7-450F-814A-CDAE14ACE9A6}.Release|Any CPU.ActiveCfg = Release|Any CPU
		{C7263C8E-98C7-450F-814A-CDAE14ACE9A6}.Release|Any CPU.Build.0 = Release|Any CPU
		{046B5299-9485-41B9-B7E8-9B8C40B1F8BC}.Debug|Any CPU.ActiveCfg = Debug|Any CPU
		{046B5299-9485-41B9-B7E8-9B8C40B1F8BC}.Debug|Any CPU.Build.0 = Debug|Any CPU
		{046B5299-9485-41B9-B7E8-9B8C40B1F8BC}.Release|Any CPU.ActiveCfg = Release|Any CPU
		{046B5299-9485-41B9-B7E8-9B8C40B1F8BC}.Release|Any CPU.Build.0 = Release|Any CPU
	EndGlobalSection
	GlobalSection(SolutionProperties) = preSolution
		HideSolutionNode = FALSE
	EndGlobalSection
EndGlobal
