
Microsoft Visual Studio Solution File, Format Version 12.00
# Visual Studio Version 17
VisualStudioVersion = 17.12.35707.178 d17.12
MinimumVisualStudioVersion = 10.0.40219.1
Project("{FAE04EC0-301F-11D3-BF4B-00C04F79EFBC}") = "StaticsExample_WPF", "StaticsExample_WPF\StaticsExample_WPF.csproj", "{D5EE6365-8F7F-41DF-821A-C7693106ED70}"
EndProject
Project("{FAE04EC0-301F-11D3-BF4B-00C04F79EFBC}") = "StaticsExample_Models", "StaticsExample_Models\StaticsExample_Models.csproj", "{A7D7E180-78B2-4F0B-8678-F230CA0B81AA}"
EndProject
Project("{FAE04EC0-301F-11D3-BF4B-00C04F79EFBC}") = "StaticsExample_DAL", "StaticsExample_DAL\StaticsExample_DAL.csproj", "{CD02582C-DF30-4793-B83D-B4AB4F2A548C}"
EndProject
Global
	GlobalSection(SolutionConfigurationPlatforms) = preSolution
		Debug|Any CPU = Debug|Any CPU
		Release|Any CPU = Release|Any CPU
	EndGlobalSection
	GlobalSection(ProjectConfigurationPlatforms) = postSolution
		{D5EE6365-8F7F-41DF-821A-C7693106ED70}.Debug|Any CPU.ActiveCfg = Debug|Any CPU
		{D5EE6365-8F7F-41DF-821A-C7693106ED70}.Debug|Any CPU.Build.0 = Debug|Any CPU
		{D5EE6365-8F7F-41DF-821A-C7693106ED70}.Release|Any CPU.ActiveCfg = Release|Any CPU
		{D5EE6365-8F7F-41DF-821A-C7693106ED70}.Release|Any CPU.Build.0 = Release|Any CPU
		{A7D7E180-78B2-4F0B-8678-F230CA0B81AA}.Debug|Any CPU.ActiveCfg = Debug|Any CPU
		{A7D7E180-78B2-4F0B-8678-F230CA0B81AA}.Debug|Any CPU.Build.0 = Debug|Any CPU
		{A7D7E180-78B2-4F0B-8678-F230CA0B81AA}.Release|Any CPU.ActiveCfg = Release|Any CPU
		{A7D7E180-78B2-4F0B-8678-F230CA0B81AA}.Release|Any CPU.Build.0 = Release|Any CPU
		{CD02582C-DF30-4793-B83D-B4AB4F2A548C}.Debug|Any CPU.ActiveCfg = Debug|Any CPU
		{CD02582C-DF30-4793-B83D-B4AB4F2A548C}.Debug|Any CPU.Build.0 = Debug|Any CPU
		{CD02582C-DF30-4793-B83D-B4AB4F2A548C}.Release|Any CPU.ActiveCfg = Release|Any CPU
		{CD02582C-DF30-4793-B83D-B4AB4F2A548C}.Release|Any CPU.Build.0 = Release|Any CPU
	EndGlobalSection
	GlobalSection(SolutionProperties) = preSolution
		HideSolutionNode = FALSE
	EndGlobalSection
EndGlobal
